
Microsoft Visual Studio Solution File, Format Version 12.00
# Visual Studio 2013
VisualStudioVersion = 12.0.40629.0
MinimumVisualStudioVersion = 10.0.40219.1
Project("{FAE04EC0-301F-11D3-BF4B-00C04F79EFBC}") = "PaysVilles", "PaysVilles\PaysVilles.csproj", "{9D0BD545-7AF3-422A-8054-2E1FD9DC140F}"
EndProject
Project("{FAE04EC0-301F-11D3-BF4B-00C04F79EFBC}") = "PaysVillesTest", "PaysVillesTest\PaysVillesTest.csproj", "{9727DC7B-8000-4C53-A31F-7AEE9D4DC2EC}"
EndProject
Project("{FAE04EC0-301F-11D3-BF4B-00C04F79EFBC}") = "PaysVilleApp", "PaysVilleApp\PaysVilleApp.csproj", "{430E1E19-DB93-477B-B695-BB22274A26A4}"
EndProject
Project("{FAE04EC0-301F-11D3-BF4B-00C04F79EFBC}") = "PVRepositories", "PVRepositories\PVRepositories.csproj", "{4ECA5C03-E7F0-4E3B-A5EE-F29786333E5B}"
EndProject
Project("{FAE04EC0-301F-11D3-BF4B-00C04F79EFBC}") = "PVRepositoriesTest", "PVRepositoriesTest\PVRepositoriesTest.csproj", "{E25A1DCD-E1B4-4CF3-8578-AEEC02758EC0}"
EndProject
Global
	GlobalSection(SolutionConfigurationPlatforms) = preSolution
		Debug|Any CPU = Debug|Any CPU
		Release|Any CPU = Release|Any CPU
	EndGlobalSection
	GlobalSection(ProjectConfigurationPlatforms) = postSolution
		{9D0BD545-7AF3-422A-8054-2E1FD9DC140F}.Debug|Any CPU.ActiveCfg = Debug|Any CPU
		{9D0BD545-7AF3-422A-8054-2E1FD9DC140F}.Debug|Any CPU.Build.0 = Debug|Any CPU
		{9D0BD545-7AF3-422A-8054-2E1FD9DC140F}.Release|Any CPU.ActiveCfg = Release|Any CPU
		{9D0BD545-7AF3-422A-8054-2E1FD9DC140F}.Release|Any CPU.Build.0 = Release|Any CPU
		{9727DC7B-8000-4C53-A31F-7AEE9D4DC2EC}.Debug|Any CPU.ActiveCfg = Debug|Any CPU
		{9727DC7B-8000-4C53-A31F-7AEE9D4DC2EC}.Debug|Any CPU.Build.0 = Debug|Any CPU
		{9727DC7B-8000-4C53-A31F-7AEE9D4DC2EC}.Release|Any CPU.ActiveCfg = Release|Any CPU
		{9727DC7B-8000-4C53-A31F-7AEE9D4DC2EC}.Release|Any CPU.Build.0 = Release|Any CPU
		{430E1E19-DB93-477B-B695-BB22274A26A4}.Debug|Any CPU.ActiveCfg = Debug|Any CPU
		{430E1E19-DB93-477B-B695-BB22274A26A4}.Debug|Any CPU.Build.0 = Debug|Any CPU
		{430E1E19-DB93-477B-B695-BB22274A26A4}.Release|Any CPU.ActiveCfg = Release|Any CPU
		{430E1E19-DB93-477B-B695-BB22274A26A4}.Release|Any CPU.Build.0 = Release|Any CPU
		{4ECA5C03-E7F0-4E3B-A5EE-F29786333E5B}.Debug|Any CPU.ActiveCfg = Debug|Any CPU
		{4ECA5C03-E7F0-4E3B-A5EE-F29786333E5B}.Debug|Any CPU.Build.0 = Debug|Any CPU
		{4ECA5C03-E7F0-4E3B-A5EE-F29786333E5B}.Release|Any CPU.ActiveCfg = Release|Any CPU
		{4ECA5C03-E7F0-4E3B-A5EE-F29786333E5B}.Release|Any CPU.Build.0 = Release|Any CPU
		{E25A1DCD-E1B4-4CF3-8578-AEEC02758EC0}.Debug|Any CPU.ActiveCfg = Debug|Any CPU
		{E25A1DCD-E1B4-4CF3-8578-AEEC02758EC0}.Debug|Any CPU.Build.0 = Debug|Any CPU
		{E25A1DCD-E1B4-4CF3-8578-AEEC02758EC0}.Release|Any CPU.ActiveCfg = Release|Any CPU
		{E25A1DCD-E1B4-4CF3-8578-AEEC02758EC0}.Release|Any CPU.Build.0 = Release|Any CPU
	EndGlobalSection
	GlobalSection(SolutionProperties) = preSolution
		HideSolutionNode = FALSE
	EndGlobalSection
EndGlobal
